github.com/avinoamr/godocdown v0.0.0-20180827184835-3883e8fb3eca h1:JFZjHm3DIVSgVMCDCv8iqkiC1dYvZaKxUqGegicgJr0=
github.com/avinoamr/godocdown v0.0.0-20180827184835-3883e8fb3eca/go.mod h1:M6C/zOMTokioubiZE4Y5ByG9B0mB3oqK3GfH72I0+8g=
github.com/lithammer/dedent v1.1.0 h1:VNzHMVCBNG1j0fh3OrsFRkVUwStdDArbgBWoPAffktY=
github.com/lithammer/dedent v1.1.0/go.mod h1:jrXYCQtgg0nJiN+StA2KgR7w6CiQNv9Fd/Z9BP0jIOc=
